
Microsoft Visual Studio Solution File, Format Version 12.00
# Visual Studio Version 16
VisualStudioVersion = 16.0.31624.102
MinimumVisualStudioVersion = 10.0.40219.1
Project("{FAE04EC0-301F-11D3-BF4B-00C04F79EFBC}") = "randomnumberreloaded", "randomnumberreloaded\randomnumberreloaded.csproj", "{09B99480-5575-44F4-8B70-EC5911290D13}"
EndProject
Global
	GlobalSection(SolutionConfigurationPlatforms) = preSolution
		Debug|Any CPU = Debug|Any CPU
		Release|Any CPU = Release|Any CPU
	EndGlobalSection
	GlobalSection(ProjectConfigurationPlatforms) = postSolution
		{09B99480-5575-44F4-8B70-EC5911290D13}.Debug|Any CPU.ActiveCfg = Debug|Any CPU
		{09B99480-5575-44F4-8B70-EC5911290D13}.Debug|Any CPU.Build.0 = Debug|Any CPU
		{09B99480-5575-44F4-8B70-EC5911290D13}.Release|Any CPU.ActiveCfg = Release|Any CPU
		{09B99480-5575-44F4-8B70-EC5911290D13}.Release|Any CPU.Build.0 = Release|Any CPU
	EndGlobalSection
	GlobalSection(SolutionProperties) = preSolution
		HideSolutionNode = FALSE
	EndGlobalSection
	GlobalSection(ExtensibilityGlobals) = postSolution
		SolutionGuid = {263CBFB1-6BDD-435B-8758-1357C76161DD}
	EndGlobalSection
EndGlobal
